
Microsoft Visual Studio Solution File, Format Version 12.00
# Visual Studio Version 17
VisualStudioVersion = 17.9.34723.18
MinimumVisualStudioVersion = 10.0.40219.1
Project("{FAE04EC0-301F-11D3-BF4B-00C04F79EFBC}") = "Conversiones", "Conversiones\Conversiones.csproj", "{0876849F-92B7-4551-8C74-86AB028D8EDF}"
EndProject
Global
	GlobalSection(SolutionConfigurationPlatforms) = preSolution
		Debug|Any CPU = Debug|Any CPU
		Release|Any CPU = Release|Any CPU
	EndGlobalSection
	GlobalSection(ProjectConfigurationPlatforms) = postSolution
		{0876849F-92B7-4551-8C74-86AB028D8EDF}.Debug|Any CPU.ActiveCfg = Debug|Any CPU
		{0876849F-92B7-4551-8C74-86AB028D8EDF}.Debug|Any CPU.Build.0 = Debug|Any CPU
		{0876849F-92B7-4551-8C74-86AB028D8EDF}.Release|Any CPU.ActiveCfg = Release|Any CPU
		{0876849F-92B7-4551-8C74-86AB028D8EDF}.Release|Any CPU.Build.0 = Release|Any CPU
	EndGlobalSection
	GlobalSection(SolutionProperties) = preSolution
		HideSolutionNode = FALSE
	EndGlobalSection
	GlobalSection(ExtensibilityGlobals) = postSolution
		SolutionGuid = {80A5B97A-F707-4C83-8F49-F5E4F6BE9795}
	EndGlobalSection
EndGlobal
